
Microsoft Visual Studio Solution File, Format Version 12.00
# Visual Studio Version 17
VisualStudioVersion = 17.13.35931.197 d17.13
MinimumVisualStudioVersion = 10.0.40219.1
Project("{FAE04EC0-301F-11D3-BF4B-00C04F79EFBC}") = "AVRO Reader", "AVRO Reader\AVRO Reader.csproj", "{47517E06-7BF6-4DE1-81BC-7F0A8E4BDAA3}"
EndProject
Global
	GlobalSection(SolutionConfigurationPlatforms) = preSolution
		Debug|Any CPU = Debug|Any CPU
		Release|Any CPU = Release|Any CPU
	EndGlobalSection
	GlobalSection(ProjectConfigurationPlatforms) = postSolution
		{47517E06-7BF6-4DE1-81BC-7F0A8E4BDAA3}.Debug|Any CPU.ActiveCfg = Debug|Any CPU
		{47517E06-7BF6-4DE1-81BC-7F0A8E4BDAA3}.Debug|Any CPU.Build.0 = Debug|Any CPU
		{47517E06-7BF6-4DE1-81BC-7F0A8E4BDAA3}.Release|Any CPU.ActiveCfg = Release|Any CPU
		{47517E06-7BF6-4DE1-81BC-7F0A8E4BDAA3}.Release|Any CPU.Build.0 = Release|Any CPU
	EndGlobalSection
	GlobalSection(SolutionProperties) = preSolution
		HideSolutionNode = FALSE
	EndGlobalSection
	GlobalSection(ExtensibilityGlobals) = postSolution
		SolutionGuid = {7E2D95A7-2139-4E39-9C35-711FE07E51C0}
	EndGlobalSection
EndGlobal
